
Microsoft Visual Studio Solution File, Format Version 12.00
# Visual Studio Version 16
VisualStudioVersion = 16.0.30523.141
MinimumVisualStudioVersion = 15.0.26124.0
Project("{9A19103F-16F7-4668-BE54-9A1E7A4F7556}") = "TestesAutomatizadosExemplo", "TestesAutomatizadosExemplo.Src\TestesAutomatizadosExemplo.csproj", "{8F66E9B2-9AEE-4615-ACF5-48413639EB47}"
EndProject
Project("{FAE04EC0-301F-11D3-BF4B-00C04F79EFBC}") = "TestesAutomatizadosExemplo.Testes", "TestesAutomatizadosExemplo.Testes\TestesAutomatizadosExemplo.Testes.csproj", "{80AE24E6-13F6-4FCD-B81A-9D7C48CAF2A6}"
EndProject
Global
	GlobalSection(SolutionConfigurationPlatforms) = preSolution
		Debug|Any CPU = Debug|Any CPU
		Debug|x64 = Debug|x64
		Debug|x86 = Debug|x86
		Release|Any CPU = Release|Any CPU
		Release|x64 = Release|x64
		Release|x86 = Release|x86
	EndGlobalSection
	GlobalSection(ProjectConfigurationPlatforms) = postSolution
		{8F66E9B2-9AEE-4615-ACF5-48413639EB47}.Debug|Any CPU.ActiveCfg = Debug|Any CPU
		{8F66E9B2-9AEE-4615-ACF5-48413639EB47}.Debug|Any CPU.Build.0 = Debug|Any CPU
		{8F66E9B2-9AEE-4615-ACF5-48413639EB47}.Debug|x64.ActiveCfg = Debug|Any CPU
		{8F66E9B2-9AEE-4615-ACF5-48413639EB47}.Debug|x64.Build.0 = Debug|Any CPU
		{8F66E9B2-9AEE-4615-ACF5-48413639EB47}.Debug|x86.ActiveCfg = Debug|Any CPU
		{8F66E9B2-9AEE-4615-ACF5-48413639EB47}.Debug|x86.Build.0 = Debug|Any CPU
		{8F66E9B2-9AEE-4615-ACF5-48413639EB47}.Release|Any CPU.ActiveCfg = Release|Any CPU
		{8F66E9B2-9AEE-4615-ACF5-48413639EB47}.Release|Any CPU.Build.0 = Release|Any CPU
		{8F66E9B2-9AEE-4615-ACF5-48413639EB47}.Release|x64.ActiveCfg = Release|Any CPU
		{8F66E9B2-9AEE-4615-ACF5-48413639EB47}.Release|x64.Build.0 = Release|Any CPU
		{8F66E9B2-9AEE-4615-ACF5-48413639EB47}.Release|x86.ActiveCfg = Release|Any CPU
		{8F66E9B2-9AEE-4615-ACF5-48413639EB47}.Release|x86.Build.0 = Release|Any CPU
		{80AE24E6-13F6-4FCD-B81A-9D7C48CAF2A6}.Debug|Any CPU.ActiveCfg = Debug|Any CPU
		{80AE24E6-13F6-4FCD-B81A-9D7C48CAF2A6}.Debug|Any CPU.Build.0 = Debug|Any CPU
		{80AE24E6-13F6-4FCD-B81A-9D7C48CAF2A6}.Debug|x64.ActiveCfg = Debug|Any CPU
		{80AE24E6-13F6-4FCD-B81A-9D7C48CAF2A6}.Debug|x64.Build.0 = Debug|Any CPU
		{80AE24E6-13F6-4FCD-B81A-9D7C48CAF2A6}.Debug|x86.ActiveCfg = Debug|Any CPU
		{80AE24E6-13F6-4FCD-B81A-9D7C48CAF2A6}.Debug|x86.Build.0 = Debug|Any CPU
		{80AE24E6-13F6-4FCD-B81A-9D7C48CAF2A6}.Release|Any CPU.ActiveCfg = Release|Any CPU
		{80AE24E6-13F6-4FCD-B81A-9D7C48CAF2A6}.Release|Any CPU.Build.0 = Release|Any CPU
		{80AE24E6-13F6-4FCD-B81A-9D7C48CAF2A6}.Release|x64.ActiveCfg = Release|Any CPU
		{80AE24E6-13F6-4FCD-B81A-9D7C48CAF2A6}.Release|x64.Build.0 = Release|Any CPU
		{80AE24E6-13F6-4FCD-B81A-9D7C48CAF2A6}.Release|x86.ActiveCfg = Release|Any CPU
		{80AE24E6-13F6-4FCD-B81A-9D7C48CAF2A6}.Release|x86.Build.0 = Release|Any CPU
	EndGlobalSection
	GlobalSection(SolutionProperties) = preSolution
		HideSolutionNode = FALSE
	EndGlobalSection
	GlobalSection(ExtensibilityGlobals) = postSolution
		SolutionGuid = {369F09B5-C11F-47F6-B00B-3A758248A78E}
	EndGlobalSection
EndGlobal
